// !$*UTF8*$!
{
	archiveVersion = 1;
	classes = {
	};
	objectVersion = 56;
	objects = {

/* Begin PBXBuildFile section */
		2DE7BCD92A2F1DE900E470A3 /* NavigationHelper.swift in Sources */ = {isa = PBXBuildFile; fileRef = 2DE7BCD82A2F1DE900E470A3 /* NavigationHelper.swift */; };
		2DE7BCDB2A3018DC00E470A3 /* BackButton.swift in Sources */ = {isa = PBXBuildFile; fileRef = 2DE7BCDA2A3018DC00E470A3 /* BackButton.swift */; };
		40EE9EC82A2E93F40053C75C /* RegistrationView.swift in Sources */ = {isa = PBXBuildFile; fileRef = 40EE9EC72A2E93F40053C75C /* RegistrationView.swift */; };
		40EE9ECA2A2E9A190053C75C /* InputField.swift in Sources */ = {isa = PBXBuildFile; fileRef = 40EE9EC92A2E9A190053C75C /* InputField.swift */; };
		40EE9ECC2A2E9D930053C75C /* Playground.swift in Sources */ = {isa = PBXBuildFile; fileRef = 40EE9ECB2A2E9D930053C75C /* Playground.swift */; };
		40EE9ECE2A2EA0A50053C75C /* BackGroundRoundedRectangle.swift in Sources */ = {isa = PBXBuildFile; fileRef = 40EE9ECD2A2EA0A50053C75C /* BackGroundRoundedRectangle.swift */; };
		40EE9ED02A2EA0D30053C75C /* CustomButton.swift in Sources */ = {isa = PBXBuildFile; fileRef = 40EE9ECF2A2EA0D30053C75C /* CustomButton.swift */; };
		CC4CC6532A2B12170031DA9C /* MobileAppApp.swift in Sources */ = {isa = PBXBuildFile; fileRef = CC4CC6522A2B12170031DA9C /* MobileAppApp.swift */; };
		CC4CC6552A2B12170031DA9C /* ContentView.swift in Sources */ = {isa = PBXBuildFile; fileRef = CC4CC6542A2B12170031DA9C /* ContentView.swift */; };
		CC4CC6572A2B12180031DA9C /* Assets.xcassets in Resources */ = {isa = PBXBuildFile; fileRef = CC4CC6562A2B12180031DA9C /* Assets.xcassets */; };
		CC4CC65A2A2B12180031DA9C /* Preview Assets.xcassets in Resources */ = {isa = PBXBuildFile; fileRef = CC4CC6592A2B12180031DA9C /* Preview Assets.xcassets */; };
/* End PBXBuildFile section */

/* Begin PBXFileReference section */
		2DE7BCD82A2F1DE900E470A3 /* NavigationHelper.swift */ = {isa = PBXFileReference; lastKnownFileType = sourcecode.swift; path = NavigationHelper.swift; sourceTree = "<group>"; };
		2DE7BCDA2A3018DC00E470A3 /* BackButton.swift */ = {isa = PBXFileReference; lastKnownFileType = sourcecode.swift; path = BackButton.swift; sourceTree = "<group>"; };
		40EE9EC72A2E93F40053C75C /* RegistrationView.swift */ = {isa = PBXFileReference; lastKnownFileType = sourcecode.swift; path = RegistrationView.swift; sourceTree = "<group>"; };
		40EE9EC92A2E9A190053C75C /* InputField.swift */ = {isa = PBXFileReference; lastKnownFileType = sourcecode.swift; path = InputField.swift; sourceTree = "<group>"; };
		40EE9ECB2A2E9D930053C75C /* Playground.swift */ = {isa = PBXFileReference; lastKnownFileType = sourcecode.swift; path = Playground.swift; sourceTree = "<group>"; };
		40EE9ECD2A2EA0A50053C75C /* BackGroundRoundedRectangle.swift */ = {isa = PBXFileReference; lastKnownFileType = sourcecode.swift; path = BackGroundRoundedRectangle.swift; sourceTree = "<group>"; };
		40EE9ECF2A2EA0D30053C75C /* CustomButton.swift */ = {isa = PBXFileReference; lastKnownFileType = sourcecode.swift; path = CustomButton.swift; sourceTree = "<group>"; };
		CC4CC64F2A2B12170031DA9C /* MobileApp.app */ = {isa = PBXFileReference; explicitFileType = wrapper.application; includeInIndex = 0; path = MobileApp.app; sourceTree = BUILT_PRODUCTS_DIR; };
		CC4CC6522A2B12170031DA9C /* MobileAppApp.swift */ = {isa = PBXFileReference; lastKnownFileType = sourcecode.swift; path = MobileAppApp.swift; sourceTree = "<group>"; };
		CC4CC6542A2B12170031DA9C /* ContentView.swift */ = {isa = PBXFileReference; lastKnownFileType = sourcecode.swift; path = ContentView.swift; sourceTree = "<group>"; };
		CC4CC6562A2B12180031DA9C /* Assets.xcassets */ = {isa = PBXFileReference; lastKnownFileType = folder.assetcatalog; path = Assets.xcassets; sourceTree = "<group>"; };
		CC4CC6592A2B12180031DA9C /* Preview Assets.xcassets */ = {isa = PBXFileReference; lastKnownFileType = folder.assetcatalog; path = "Preview Assets.xcassets"; sourceTree = "<group>"; };
/* End PBXFileReference section */

/* Begin PBXFrameworksBuildPhase section */
		CC4CC64C2A2B12170031DA9C /* Frameworks */ = {
			isa = PBXFrameworksBuildPhase;
			buildActionMask = 2147483647;
			files = (
			);
			runOnlyForDeploymentPostprocessing = 0;
		};
/* End PBXFrameworksBuildPhase section */

/* Begin PBXGroup section */
		40EE9ED12A2EA1270053C75C /* Views */ = {
			isa = PBXGroup;
			children = (
				CC4CC6542A2B12170031DA9C /* ContentView.swift */,
				40EE9EC72A2E93F40053C75C /* RegistrationView.swift */,
				40EE9ED22A2EA13E0053C75C /* Helpers */,
			);
			path = Views;
			sourceTree = "<group>";
		};
		40EE9ED22A2EA13E0053C75C /* Helpers */ = {
			isa = PBXGroup;
			children = (
				40EE9ECF2A2EA0D30053C75C /* CustomButton.swift */,
				40EE9ECD2A2EA0A50053C75C /* BackGroundRoundedRectangle.swift */,
				40EE9EC92A2E9A190053C75C /* InputField.swift */,
				2DE7BCD82A2F1DE900E470A3 /* NavigationHelper.swift */,
				2DE7BCDA2A3018DC00E470A3 /* BackButton.swift */,
			);
			path = Helpers;
			sourceTree = "<group>";
		};
		CC4CC6462A2B12170031DA9C = {
			isa = PBXGroup;
			children = (
				CC4CC6512A2B12170031DA9C /* MobileApp */,
				CC4CC6502A2B12170031DA9C /* Products */,
			);
			sourceTree = "<group>";
		};
		CC4CC6502A2B12170031DA9C /* Products */ = {
			isa = PBXGroup;
			children = (
				CC4CC64F2A2B12170031DA9C /* MobileApp.app */,
			);
			name = Products;
			sourceTree = "<group>";
		};
		CC4CC6512A2B12170031DA9C /* MobileApp */ = {
			isa = PBXGroup;
			children = (
				CC4CC6522A2B12170031DA9C /* MobileAppApp.swift */,
				40EE9ED12A2EA1270053C75C /* Views */,
				40EE9ECB2A2E9D930053C75C /* Playground.swift */,
				CC4CC6562A2B12180031DA9C /* Assets.xcassets */,
				CC4CC6582A2B12180031DA9C /* Preview Content */,
			);
			path = MobileApp;
			sourceTree = "<group>";
		};
		CC4CC6582A2B12180031DA9C /* Preview Content */ = {
			isa = PBXGroup;
			children = (
				CC4CC6592A2B12180031DA9C /* Preview Assets.xcassets */,
			);
			path = "Preview Content";
			sourceTree = "<group>";
		};
/* End PBXGroup section */

/* Begin PBXNativeTarget section */
		CC4CC64E2A2B12170031DA9C /* MobileApp */ = {
			isa = PBXNativeTarget;
			buildConfigurationList = CC4CC65D2A2B12180031DA9C /* Build configuration list for PBXNativeTarget "MobileApp" */;
			buildPhases = (
				CC4CC64B2A2B12170031DA9C /* Sources */,
				CC4CC64C2A2B12170031DA9C /* Frameworks */,
				CC4CC64D2A2B12170031DA9C /* Resources */,
			);
			buildRules = (
			);
			dependencies = (
			);
			name = MobileApp;
			productName = MobileApp;
			productReference = CC4CC64F2A2B12170031DA9C /* MobileApp.app */;
			productType = "com.apple.product-type.application";
		};
/* End PBXNativeTarget section */

/* Begin PBXProject section */
		CC4CC6472A2B12170031DA9C /* Project object */ = {
			isa = PBXProject;
			attributes = {
				BuildIndependentTargetsInParallel = 1;
				LastSwiftUpdateCheck = 1430;
				LastUpgradeCheck = 1430;
				TargetAttributes = {
					CC4CC64E2A2B12170031DA9C = {
						CreatedOnToolsVersion = 14.3;
					};
				};
			};
			buildConfigurationList = CC4CC64A2A2B12170031DA9C /* Build configuration list for PBXProject "MobileApp" */;
			compatibilityVersion = "Xcode 14.0";
			developmentRegion = en;
			hasScannedForEncodings = 0;
			knownRegions = (
				en,
				Base,
			);
			mainGroup = CC4CC6462A2B12170031DA9C;
			productRefGroup = CC4CC6502A2B12170031DA9C /* Products */;
			projectDirPath = "";
			projectRoot = "";
			targets = (
				CC4CC64E2A2B12170031DA9C /* MobileApp */,
			);
		};
/* End PBXProject section */

/* Begin PBXResourcesBuildPhase section */
		CC4CC64D2A2B12170031DA9C /* Resources */ = {
			isa = PBXResourcesBuildPhase;
			buildActionMask = 2147483647;
			files = (
				CC4CC65A2A2B12180031DA9C /* Preview Assets.xcassets in Resources */,
				CC4CC6572A2B12180031DA9C /* Assets.xcassets in Resources */,
			);
			runOnlyForDeploymentPostprocessing = 0;
		};
/* End PBXResourcesBuildPhase section */

/* Begin PBXSourcesBuildPhase section */
		CC4CC64B2A2B12170031DA9C /* Sources */ = {
			isa = PBXSourcesBuildPhase;
			buildActionMask = 2147483647;
			files = (
				40EE9EC82A2E93F40053C75C /* RegistrationView.swift in Sources */,
				2DE7BCD92A2F1DE900E470A3 /* NavigationHelper.swift in Sources */,
				40EE9ECC2A2E9D930053C75C /* Playground.swift in Sources */,
				CC4CC6552A2B12170031DA9C /* ContentView.swift in Sources */,
				CC4CC6532A2B12170031DA9C /* MobileAppApp.swift in Sources */,
				2DE7BCDB2A3018DC00E470A3 /* BackButton.swift in Sources */,
				40EE9ED02A2EA0D30053C75C /* CustomButton.swift in Sources */,
				40EE9ECE2A2EA0A50053C75C /* BackGroundRoundedRectangle.swift in Sources */,
				40EE9ECA2A2E9A190053C75C /* InputField.swift in Sources */,
			);
			runOnlyForDeploymentPostprocessing = 0;
		};
/* End PBXSourcesBuildPhase section */

/* Begin XCBuildConfiguration section */
		CC4CC65B2A2B12180031DA9C /* Debug */ = {
			isa = XCBuildConfiguration;
			buildSettings = {
				ALWAYS_SEARCH_USER_PATHS = NO;
				CLANG_ANALYZER_NONNULL = YES;
				CLANG_ANALYZER_NUMBER_OBJECT_CONVERSION = YES_AGGRESSIVE;
				CLANG_CXX_LANGUAGE_STANDARD = "gnu++20";
				CLANG_ENABLE_MODULES = YES;
				CLANG_ENABLE_OBJC_ARC = YES;
				CLANG_ENABLE_OBJC_WEAK = YES;
				CLANG_WARN_BLOCK_CAPTURE_AUTORELEASING = YES;
				CLANG_WARN_BOOL_CONVERSION = YES;
				CLANG_WARN_COMMA = YES;
				CLANG_WARN_CONSTANT_CONVERSION = YES;
				CLANG_WARN_DEPRECATED_OBJC_IMPLEMENTATIONS = YES;
				CLANG_WARN_DIRECT_OBJC_ISA_USAGE = YES_ERROR;
				CLANG_WARN_DOCUMENTATION_COMMENTS = YES;
				CLANG_WARN_EMPTY_BODY = YES;
				CLANG_WARN_ENUM_CONVERSION = YES;
				CLANG_WARN_INFINITE_RECURSION = YES;
				CLANG_WARN_INT_CONVERSION = YES;
				CLANG_WARN_NON_LITERAL_NULL_CONVERSION = YES;
				CLANG_WARN_OBJC_IMPLICIT_RETAIN_SELF = YES;
				CLANG_WARN_OBJC_LITERAL_CONVERSION = YES;
				CLANG_WARN_OBJC_ROOT_CLASS = YES_ERROR;
				CLANG_WARN_QUOTED_INCLUDE_IN_FRAMEWORK_HEADER = YES;
				CLANG_WARN_RANGE_LOOP_ANALYSIS = YES;
				CLANG_WARN_STRICT_PROTOTYPES = YES;
				CLANG_WARN_SUSPICIOUS_MOVE = YES;
				CLANG_WARN_UNGUARDED_AVAILABILITY = YES_AGGRESSIVE;
				CLANG_WARN_UNREACHABLE_CODE = YES;
				CLANG_WARN__DUPLICATE_METHOD_MATCH = YES;
				COPY_PHASE_STRIP = NO;
				DEBUG_INFORMATION_FORMAT = dwarf;
				ENABLE_STRICT_OBJC_MSGSEND = YES;
				ENABLE_TESTABILITY = YES;
				GCC_C_LANGUAGE_STANDARD = gnu11;
				GCC_DYNAMIC_NO_PIC = NO;
				GCC_NO_COMMON_BLOCKS = YES;
				GCC_OPTIMIZATION_LEVEL = 0;
				GCC_PREPROCESSOR_DEFINITIONS = (
					"DEBUG=1",
					"$(inherited)",
				);
				GCC_WARN_64_TO_32_BIT_CONVERSION = YES;
				GCC_WARN_ABOUT_RETURN_TYPE = YES_ERROR;
				GCC_WARN_UNDECLARED_SELECTOR = YES;
				GCC_WARN_UNINITIALIZED_AUTOS = YES_AGGRESSIVE;
				GCC_WARN_UNUSED_FUNCTION = YES;
				GCC_WARN_UNUSED_VARIABLE = YES;
				IPHONEOS_DEPLOYMENT_TARGET = 16.2;
				MTL_ENABLE_DEBUG_INFO = INCLUDE_SOURCE;
				MTL_FAST_MATH = YES;
				ONLY_ACTIVE_ARCH = YES;
				SDKROOT = iphoneos;
				SWIFT_ACTIVE_COMPILATION_CONDITIONS = DEBUG;
				SWIFT_OPTIMIZATION_LEVEL = "-Onone";
			};
			name = Debug;
		};
		CC4CC65C2A2B12180031DA9C /* Release */ = {
			isa = XCBuildConfiguration;
			buildSettings = {
				ALWAYS_SEARCH_USER_PATHS = NO;
				CLANG_ANALYZER_NONNULL = YES;
				CLANG_ANALYZER_NUMBER_OBJECT_CONVERSION = YES_AGGRESSIVE;
				CLANG_CXX_LANGUAGE_STANDARD = "gnu++20";
				CLANG_ENABLE_MODULES = YES;
				CLANG_ENABLE_OBJC_ARC = YES;
				CLANG_ENABLE_OBJC_WEAK = YES;
				CLANG_WARN_BLOCK_CAPTURE_AUTORELEASING = YES;
				CLANG_WARN_BOOL_CONVERSION = YES;
				CLANG_WARN_COMMA = YES;
				CLANG_WARN_CONSTANT_CONVERSION = YES;
				CLANG_WARN_DEPRECATED_OBJC_IMPLEMENTATIONS = YES;
				CLANG_WARN_DIRECT_OBJC_ISA_USAGE = YES_ERROR;
				CLANG_WARN_DOCUMENTATION_COMMENTS = YES;
				CLANG_WARN_EMPTY_BODY = YES;
				CLANG_WARN_ENUM_CONVERSION = YES;
				CLANG_WARN_INFINITE_RECURSION = YES;
				CLANG_WARN_INT_CONVERSION = YES;
				CLANG_WARN_NON_LITERAL_NULL_CONVERSION = YES;
				CLANG_WARN_OBJC_IMPLICIT_RETAIN_SELF = YES;
				CLANG_WARN_OBJC_LITERAL_CONVERSION = YES;
				CLANG_WARN_OBJC_ROOT_CLASS = YES_ERROR;
				CLANG_WARN_QUOTED_INCLUDE_IN_FRAMEWORK_HEADER = YES;
				CLANG_WARN_RANGE_LOOP_ANALYSIS = YES;
				CLANG_WARN_STRICT_PROTOTYPES = YES;
				CLANG_WARN_SUSPICIOUS_MOVE = YES;
				CLANG_WARN_UNGUARDED_AVAILABILITY = YES_AGGRESSIVE;
				CLANG_WARN_UNREACHABLE_CODE = YES;
				CLANG_WARN__DUPLICATE_METHOD_MATCH = YES;
				COPY_PHASE_STRIP = NO;
				DEBUG_INFORMATION_FORMAT = "dwarf-with-dsym";
				ENABLE_NS_ASSERTIONS = NO;
				ENABLE_STRICT_OBJC_MSGSEND = YES;
				GCC_C_LANGUAGE_STANDARD = gnu11;
				GCC_NO_COMMON_BLOCKS = YES;
				GCC_WARN_64_TO_32_BIT_CONVERSION = YES;
				GCC_WARN_ABOUT_RETURN_TYPE = YES_ERROR;
				GCC_WARN_UNDECLARED_SELECTOR = YES;
				GCC_WARN_UNINITIALIZED_AUTOS = YES_AGGRESSIVE;
				GCC_WARN_UNUSED_FUNCTION = YES;
				GCC_WARN_UNUSED_VARIABLE = YES;
				IPHONEOS_DEPLOYMENT_TARGET = 16.2;
				MTL_ENABLE_DEBUG_INFO = NO;
				MTL_FAST_MATH = YES;
				SDKROOT = iphoneos;
				SWIFT_COMPILATION_MODE = wholemodule;
				SWIFT_OPTIMIZATION_LEVEL = "-O";
				VALIDATE_PRODUCT = YES;
			};
			name = Release;
		};
		CC4CC65E2A2B12180031DA9C /* Debug */ = {
			isa = XCBuildConfiguration;
			buildSettings = {
				ASSETCATALOG_COMPILER_APPICON_NAME = AppIcon;
				ASSETCATALOG_COMPILER_GLOBAL_ACCENT_COLOR_NAME = AccentColor;
				CODE_SIGN_STYLE = Automatic;
				CURRENT_PROJECT_VERSION = 1;
				DEVELOPMENT_ASSET_PATHS = "\"MobileApp/Preview Content\"";
				DEVELOPMENT_TEAM = "";
				ENABLE_PREVIEWS = YES;
				GENERATE_INFOPLIST_FILE = YES;
				INFOPLIST_KEY_UIApplicationSceneManifest_Generation = YES;
				INFOPLIST_KEY_UIApplicationSupportsIndirectInputEvents = YES;
				INFOPLIST_KEY_UILaunchScreen_Generation = YES;
				INFOPLIST_KEY_UISupportedInterfaceOrientations_iPad = "UIInterfaceOrientationPortrait UIInterfaceOrientationPortraitUpsideDown UIInterfaceOrientationLandscapeLeft UIInterfaceOrientationLandscapeRight";
				INFOPLIST_KEY_UISupportedInterfaceOrientations_iPhone = "UIInterfaceOrientationPortrait UIInterfaceOrientationLandscapeLeft UIInterfaceOrientationLandscapeRight";
				IPHONEOS_DEPLOYMENT_TARGET = 16.2;
				LD_RUNPATH_SEARCH_PATHS = (
					"$(inherited)",
					"@executable_path/Frameworks",
				);
				MARKETING_VERSION = 1.0;
				PRODUCT_BUNDLE_IDENTIFIER = Ai.vocate.MobileApp;
				PRODUCT_NAME = "$(TARGET_NAME)";
				SWIFT_EMIT_LOC_STRINGS = YES;
				SWIFT_VERSION = 5.0;
				TARGETED_DEVICE_FAMILY = "1,2";
			};
			name = Debug;
		};
		CC4CC65F2A2B12180031DA9C /* Release */ = {
			isa = XCBuildConfiguration;
			buildSettings = {
				ASSETCATALOG_COMPILER_APPICON_NAME = AppIcon;
				ASSETCATALOG_COMPILER_GLOBAL_ACCENT_COLOR_NAME = AccentColor;
				CODE_SIGN_STYLE = Automatic;
				CURRENT_PROJECT_VERSION = 1;
				DEVELOPMENT_ASSET_PATHS = "\"MobileApp/Preview Content\"";
				DEVELOPMENT_TEAM = "";
				ENABLE_PREVIEWS = YES;
				GENERATE_INFOPLIST_FILE = YES;
				INFOPLIST_KEY_UIApplicationSceneManifest_Generation = YES;
				INFOPLIST_KEY_UIApplicationSupportsIndirectInputEvents = YES;
				INFOPLIST_KEY_UILaunchScreen_Generation = YES;
				INFOPLIST_KEY_UISupportedInterfaceOrientations_iPad = "UIInterfaceOrientationPortrait UIInterfaceOrientationPortraitUpsideDown UIInterfaceOrientationLandscapeLeft UIInterfaceOrientationLandscapeRight";
				INFOPLIST_KEY_UISupportedInterfaceOrientations_iPhone = "UIInterfaceOrientationPortrait UIInterfaceOrientationLandscapeLeft UIInterfaceOrientationLandscapeRight";
				IPHONEOS_DEPLOYMENT_TARGET = 16.2;
				LD_RUNPATH_SEARCH_PATHS = (
					"$(inherited)",
					"@executable_path/Frameworks",
				);
				MARKETING_VERSION = 1.0;
				PRODUCT_BUNDLE_IDENTIFIER = Ai.vocate.MobileApp;
				PRODUCT_NAME = "$(TARGET_NAME)";
				SWIFT_EMIT_LOC_STRINGS = YES;
				SWIFT_VERSION = 5.0;
				TARGETED_DEVICE_FAMILY = "1,2";
			};
			name = Release;
		};
/* End XCBuildConfiguration section */

/* Begin XCConfigurationList section */
		CC4CC64A2A2B12170031DA9C /* Build configuration list for PBXProject "MobileApp" */ = {
			isa = XCConfigurationList;
			buildConfigurations = (
				CC4CC65B2A2B12180031DA9C /* Debug */,
				CC4CC65C2A2B12180031DA9C /* Release */,
			);
			defaultConfigurationIsVisible = 0;
			defaultConfigurationName = Release;
		};
		CC4CC65D2A2B12180031DA9C /* Build configuration list for PBXNativeTarget "MobileApp" */ = {
			isa = XCConfigurationList;
			buildConfigurations = (
				CC4CC65E2A2B12180031DA9C /* Debug */,
				CC4CC65F2A2B12180031DA9C /* Release */,
			);
			defaultConfigurationIsVisible = 0;
			defaultConfigurationName = Release;
		};
/* End XCConfigurationList section */
	};
	rootObject = CC4CC6472A2B12170031DA9C /* Project object */;
}
