// !$*UTF8*$!
{
	archiveVersion = 1;
	classes = {
	};
	objectVersion = 56;
	objects = {

/* Begin PBXBuildFile section */
		2D9F0F302A3474AD000E1A5A /* HomeView.swift in Sources */ = {isa = PBXBuildFile; fileRef = 2D9F0F2F2A3474AD000E1A5A /* HomeView.swift */; };
		2D9F0F322A3865D5000E1A5A /* GoogleService-Info.plist in Resources */ = {isa = PBXBuildFile; fileRef = 2D9F0F312A3865D5000E1A5A /* GoogleService-Info.plist */; };
		2D9F0F352A3867F4000E1A5A /* FirebaseAnalytics in Frameworks */ = {isa = PBXBuildFile; productRef = 2D9F0F342A3867F4000E1A5A /* FirebaseAnalytics */; };
		2D9F0F372A3867F4000E1A5A /* FirebaseAuth in Frameworks */ = {isa = PBXBuildFile; productRef = 2D9F0F362A3867F4000E1A5A /* FirebaseAuth */; };
		2D9F0F392A3867F4000E1A5A /* FirebaseFirestore in Frameworks */ = {isa = PBXBuildFile; productRef = 2D9F0F382A3867F4000E1A5A /* FirebaseFirestore */; };
		2D9F0F3B2A3867F4000E1A5A /* FirebaseFirestoreSwift in Frameworks */ = {isa = PBXBuildFile; productRef = 2D9F0F3A2A3867F4000E1A5A /* FirebaseFirestoreSwift */; };
		2D9F0F3D2A3867F4000E1A5A /* FirebaseStorage in Frameworks */ = {isa = PBXBuildFile; productRef = 2D9F0F3C2A3867F4000E1A5A /* FirebaseStorage */; };
		2D9F0F402A387D66000E1A5A /* AuthViewModel.swift in Sources */ = {isa = PBXBuildFile; fileRef = 2D9F0F3F2A387D66000E1A5A /* AuthViewModel.swift */; };
		2D9F0F422A3C3B8C000E1A5A /* LogInView.swift in Sources */ = {isa = PBXBuildFile; fileRef = 2D9F0F412A3C3B8B000E1A5A /* LogInView.swift */; };
		2D9F0F452A3C54C7000E1A5A /* SettingsView.swift in Sources */ = {isa = PBXBuildFile; fileRef = 2D9F0F442A3C54C7000E1A5A /* SettingsView.swift */; };
		2D9F0F472A47AECC000E1A5A /* FaqView.swift in Sources */ = {isa = PBXBuildFile; fileRef = 2D9F0F462A47AECC000E1A5A /* FaqView.swift */; };
		2D9F0F492A47AFF0000E1A5A /* LogoHeader.swift in Sources */ = {isa = PBXBuildFile; fileRef = 2D9F0F482A47AFF0000E1A5A /* LogoHeader.swift */; };
		2D9F0F4B2A47B771000E1A5A /* Colors.swift in Sources */ = {isa = PBXBuildFile; fileRef = 2D9F0F4A2A47B771000E1A5A /* Colors.swift */; };
		2D9F0F4F2A47D788000E1A5A /* BackgroundShapeView.swift in Sources */ = {isa = PBXBuildFile; fileRef = 2D9F0F4E2A47D788000E1A5A /* BackgroundShapeView.swift */; };
		2D9F0F512A48052B000E1A5A /* FaqTopic.swift in Sources */ = {isa = PBXBuildFile; fileRef = 2D9F0F502A48052B000E1A5A /* FaqTopic.swift */; };
		2D9F0F542A480989000E1A5A /* ImmigrationFaqView.swift in Sources */ = {isa = PBXBuildFile; fileRef = 2D9F0F532A480989000E1A5A /* ImmigrationFaqView.swift */; };
		2D9F0F562A480AD5000E1A5A /* DivorceFaqView.swift in Sources */ = {isa = PBXBuildFile; fileRef = 2D9F0F552A480AD5000E1A5A /* DivorceFaqView.swift */; };
		2D9F0F582A480DB4000E1A5A /* JobFaqView.swift in Sources */ = {isa = PBXBuildFile; fileRef = 2D9F0F572A480DB4000E1A5A /* JobFaqView.swift */; };
		2D9F0F5A2A481940000E1A5A /* HistoryView.swift in Sources */ = {isa = PBXBuildFile; fileRef = 2D9F0F592A481940000E1A5A /* HistoryView.swift */; };
		2DE7BCD92A2F1DE900E470A3 /* NavigationHelper.swift in Sources */ = {isa = PBXBuildFile; fileRef = 2DE7BCD82A2F1DE900E470A3 /* NavigationHelper.swift */; };
		2DE7BCDB2A3018DC00E470A3 /* BackButton.swift in Sources */ = {isa = PBXBuildFile; fileRef = 2DE7BCDA2A3018DC00E470A3 /* BackButton.swift */; };
		2DE7BCDD2A3039ED00E470A3 /* Authentication.swift in Sources */ = {isa = PBXBuildFile; fileRef = 2DE7BCDC2A3039ED00E470A3 /* Authentication.swift */; };
		2DE7BCE02A3054B800E470A3 /* User.swift in Sources */ = {isa = PBXBuildFile; fileRef = 2DE7BCDF2A3054B800E470A3 /* User.swift */; };
		3A125B592A43259400D8A4D4 /* TabBar.swift in Sources */ = {isa = PBXBuildFile; fileRef = 3A125B582A43259400D8A4D4 /* TabBar.swift */; };
		3A125B5B2A433B8500D8A4D4 /* LandingView.swift in Sources */ = {isa = PBXBuildFile; fileRef = 3A125B5A2A433B8500D8A4D4 /* LandingView.swift */; };
		3A9039142A4EC9CD00561321 /* HistoryRow.swift in Sources */ = {isa = PBXBuildFile; fileRef = 3A9039132A4EC9CD00561321 /* HistoryRow.swift */; };
		4018DB9E2A3D1067004A344F /* Lato-Regular.ttf in Resources */ = {isa = PBXBuildFile; fileRef = 4018DB942A3D1066004A344F /* Lato-Regular.ttf */; };
		4033F4482A3D0560003927FB /* CarroisGothicSC-Regular.ttf in Resources */ = {isa = PBXBuildFile; fileRef = 4033F4472A3D055F003927FB /* CarroisGothicSC-Regular.ttf */; };
		404884172A3D6D9C00C81B63 /* NavigationLinkView.swift in Sources */ = {isa = PBXBuildFile; fileRef = 404884162A3D6D9C00C81B63 /* NavigationLinkView.swift */; };
		4090B3C12A32A670001443FA /* ChatBotView.swift in Sources */ = {isa = PBXBuildFile; fileRef = 4090B3C02A32A670001443FA /* ChatBotView.swift */; };
		4090B3C42A32A778001443FA /* OpenAISwift in Frameworks */ = {isa = PBXBuildFile; productRef = 4090B3C32A32A778001443FA /* OpenAISwift */; };
		4090B3C62A32A7DC001443FA /* APICaller.swift in Sources */ = {isa = PBXBuildFile; fileRef = 4090B3C52A32A7DC001443FA /* APICaller.swift */; };
		40EE9EC82A2E93F40053C75C /* RegistrationView.swift in Sources */ = {isa = PBXBuildFile; fileRef = 40EE9EC72A2E93F40053C75C /* RegistrationView.swift */; };
		40EE9ECA2A2E9A190053C75C /* InputView.swift in Sources */ = {isa = PBXBuildFile; fileRef = 40EE9EC92A2E9A190053C75C /* InputView.swift */; };
		40EE9ECC2A2E9D930053C75C /* Playground.swift in Sources */ = {isa = PBXBuildFile; fileRef = 40EE9ECB2A2E9D930053C75C /* Playground.swift */; };
		40EE9ECE2A2EA0A50053C75C /* BackGroundRoundedRectangle.swift in Sources */ = {isa = PBXBuildFile; fileRef = 40EE9ECD2A2EA0A50053C75C /* BackGroundRoundedRectangle.swift */; };
		40EE9ED02A2EA0D30053C75C /* CustomButton.swift in Sources */ = {isa = PBXBuildFile; fileRef = 40EE9ECF2A2EA0D30053C75C /* CustomButton.swift */; };
		CC4CC6532A2B12170031DA9C /* MobileAppApp.swift in Sources */ = {isa = PBXBuildFile; fileRef = CC4CC6522A2B12170031DA9C /* MobileAppApp.swift */; };
		CC4CC6552A2B12170031DA9C /* ContentView.swift in Sources */ = {isa = PBXBuildFile; fileRef = CC4CC6542A2B12170031DA9C /* ContentView.swift */; };
		CC4CC6572A2B12180031DA9C /* Assets.xcassets in Resources */ = {isa = PBXBuildFile; fileRef = CC4CC6562A2B12180031DA9C /* Assets.xcassets */; };
		CC4CC65A2A2B12180031DA9C /* Preview Assets.xcassets in Resources */ = {isa = PBXBuildFile; fileRef = CC4CC6592A2B12180031DA9C /* Preview Assets.xcassets */; };
/* End PBXBuildFile section */

/* Begin PBXFileReference section */
		2D9F0F2F2A3474AD000E1A5A /* HomeView.swift */ = {isa = PBXFileReference; lastKnownFileType = sourcecode.swift; path = HomeView.swift; sourceTree = "<group>"; };
		2D9F0F312A3865D5000E1A5A /* GoogleService-Info.plist */ = {isa = PBXFileReference; lastKnownFileType = text.plist; path = "GoogleService-Info.plist"; sourceTree = SOURCE_ROOT; };
		2D9F0F3F2A387D66000E1A5A /* AuthViewModel.swift */ = {isa = PBXFileReference; lastKnownFileType = sourcecode.swift; path = AuthViewModel.swift; sourceTree = "<group>"; };
		2D9F0F412A3C3B8B000E1A5A /* LogInView.swift */ = {isa = PBXFileReference; lastKnownFileType = sourcecode.swift; path = LogInView.swift; sourceTree = "<group>"; };
		2D9F0F442A3C54C7000E1A5A /* SettingsView.swift */ = {isa = PBXFileReference; lastKnownFileType = sourcecode.swift; path = SettingsView.swift; sourceTree = "<group>"; };
		2D9F0F462A47AECC000E1A5A /* FaqView.swift */ = {isa = PBXFileReference; lastKnownFileType = sourcecode.swift; path = FaqView.swift; sourceTree = "<group>"; };
		2D9F0F482A47AFF0000E1A5A /* LogoHeader.swift */ = {isa = PBXFileReference; lastKnownFileType = sourcecode.swift; path = LogoHeader.swift; sourceTree = "<group>"; };
		2D9F0F4A2A47B771000E1A5A /* Colors.swift */ = {isa = PBXFileReference; lastKnownFileType = sourcecode.swift; path = Colors.swift; sourceTree = "<group>"; };
		2D9F0F4E2A47D788000E1A5A /* BackgroundShapeView.swift */ = {isa = PBXFileReference; lastKnownFileType = sourcecode.swift; path = BackgroundShapeView.swift; sourceTree = "<group>"; };
		2D9F0F502A48052B000E1A5A /* FaqTopic.swift */ = {isa = PBXFileReference; lastKnownFileType = sourcecode.swift; path = FaqTopic.swift; sourceTree = "<group>"; };
		2D9F0F532A480989000E1A5A /* ImmigrationFaqView.swift */ = {isa = PBXFileReference; lastKnownFileType = sourcecode.swift; path = ImmigrationFaqView.swift; sourceTree = "<group>"; };
		2D9F0F552A480AD5000E1A5A /* DivorceFaqView.swift */ = {isa = PBXFileReference; lastKnownFileType = sourcecode.swift; path = DivorceFaqView.swift; sourceTree = "<group>"; };
		2D9F0F572A480DB4000E1A5A /* JobFaqView.swift */ = {isa = PBXFileReference; lastKnownFileType = sourcecode.swift; path = JobFaqView.swift; sourceTree = "<group>"; };
		2D9F0F592A481940000E1A5A /* HistoryView.swift */ = {isa = PBXFileReference; lastKnownFileType = sourcecode.swift; path = HistoryView.swift; sourceTree = "<group>"; };
		2DE7BCD82A2F1DE900E470A3 /* NavigationHelper.swift */ = {isa = PBXFileReference; lastKnownFileType = sourcecode.swift; path = NavigationHelper.swift; sourceTree = "<group>"; };
		2DE7BCDA2A3018DC00E470A3 /* BackButton.swift */ = {isa = PBXFileReference; lastKnownFileType = sourcecode.swift; path = BackButton.swift; sourceTree = "<group>"; };
		2DE7BCDC2A3039ED00E470A3 /* Authentication.swift */ = {isa = PBXFileReference; lastKnownFileType = sourcecode.swift; path = Authentication.swift; sourceTree = "<group>"; };
		2DE7BCDF2A3054B800E470A3 /* User.swift */ = {isa = PBXFileReference; lastKnownFileType = sourcecode.swift; path = User.swift; sourceTree = "<group>"; };
		3A125B582A43259400D8A4D4 /* TabBar.swift */ = {isa = PBXFileReference; lastKnownFileType = sourcecode.swift; path = TabBar.swift; sourceTree = "<group>"; };
		3A125B5A2A433B8500D8A4D4 /* LandingView.swift */ = {isa = PBXFileReference; lastKnownFileType = sourcecode.swift; path = LandingView.swift; sourceTree = "<group>"; };
		3A9039132A4EC9CD00561321 /* HistoryRow.swift */ = {isa = PBXFileReference; lastKnownFileType = sourcecode.swift; path = HistoryRow.swift; sourceTree = "<group>"; };
		4018DB942A3D1066004A344F /* Lato-Regular.ttf */ = {isa = PBXFileReference; lastKnownFileType = file; path = "Lato-Regular.ttf"; sourceTree = "<group>"; };
		4033F4472A3D055F003927FB /* CarroisGothicSC-Regular.ttf */ = {isa = PBXFileReference; lastKnownFileType = file; path = "CarroisGothicSC-Regular.ttf"; sourceTree = "<group>"; };
		4033F4492A3D06BF003927FB /* Info.plist */ = {isa = PBXFileReference; lastKnownFileType = text.plist; path = Info.plist; sourceTree = "<group>"; };
		404884162A3D6D9C00C81B63 /* NavigationLinkView.swift */ = {isa = PBXFileReference; lastKnownFileType = sourcecode.swift; path = NavigationLinkView.swift; sourceTree = "<group>"; };
		4090B3C02A32A670001443FA /* ChatBotView.swift */ = {isa = PBXFileReference; lastKnownFileType = sourcecode.swift; path = ChatBotView.swift; sourceTree = "<group>"; };
		4090B3C52A32A7DC001443FA /* APICaller.swift */ = {isa = PBXFileReference; lastKnownFileType = sourcecode.swift; path = APICaller.swift; sourceTree = "<group>"; };
		40EE9EC72A2E93F40053C75C /* RegistrationView.swift */ = {isa = PBXFileReference; lastKnownFileType = sourcecode.swift; path = RegistrationView.swift; sourceTree = "<group>"; };
		40EE9EC92A2E9A190053C75C /* InputView.swift */ = {isa = PBXFileReference; lastKnownFileType = sourcecode.swift; path = InputView.swift; sourceTree = "<group>"; };
		40EE9ECB2A2E9D930053C75C /* Playground.swift */ = {isa = PBXFileReference; lastKnownFileType = sourcecode.swift; path = Playground.swift; sourceTree = "<group>"; };
		40EE9ECD2A2EA0A50053C75C /* BackGroundRoundedRectangle.swift */ = {isa = PBXFileReference; lastKnownFileType = sourcecode.swift; path = BackGroundRoundedRectangle.swift; sourceTree = "<group>"; };
		40EE9ECF2A2EA0D30053C75C /* CustomButton.swift */ = {isa = PBXFileReference; lastKnownFileType = sourcecode.swift; path = CustomButton.swift; sourceTree = "<group>"; };
		CC4CC64F2A2B12170031DA9C /* MobileApp.app */ = {isa = PBXFileReference; explicitFileType = wrapper.application; includeInIndex = 0; path = MobileApp.app; sourceTree = BUILT_PRODUCTS_DIR; };
		CC4CC6522A2B12170031DA9C /* MobileAppApp.swift */ = {isa = PBXFileReference; lastKnownFileType = sourcecode.swift; path = MobileAppApp.swift; sourceTree = "<group>"; };
		CC4CC6542A2B12170031DA9C /* ContentView.swift */ = {isa = PBXFileReference; lastKnownFileType = sourcecode.swift; path = ContentView.swift; sourceTree = "<group>"; };
		CC4CC6562A2B12180031DA9C /* Assets.xcassets */ = {isa = PBXFileReference; lastKnownFileType = folder.assetcatalog; path = Assets.xcassets; sourceTree = "<group>"; };
		CC4CC6592A2B12180031DA9C /* Preview Assets.xcassets */ = {isa = PBXFileReference; lastKnownFileType = folder.assetcatalog; path = "Preview Assets.xcassets"; sourceTree = "<group>"; };
/* End PBXFileReference section */

/* Begin PBXFrameworksBuildPhase section */
		CC4CC64C2A2B12170031DA9C /* Frameworks */ = {
			isa = PBXFrameworksBuildPhase;
			buildActionMask = 2147483647;
			files = (
				2D9F0F3B2A3867F4000E1A5A /* FirebaseFirestoreSwift in Frameworks */,
				2D9F0F352A3867F4000E1A5A /* FirebaseAnalytics in Frameworks */,
				2D9F0F392A3867F4000E1A5A /* FirebaseFirestore in Frameworks */,
				2D9F0F372A3867F4000E1A5A /* FirebaseAuth in Frameworks */,
				4090B3C42A32A778001443FA /* OpenAISwift in Frameworks */,
				2D9F0F3D2A3867F4000E1A5A /* FirebaseStorage in Frameworks */,
			);
			runOnlyForDeploymentPostprocessing = 0;
		};
/* End PBXFrameworksBuildPhase section */

/* Begin PBXGroup section */
		2D9F0F3E2A38730B000E1A5A /* Auth */ = {
			isa = PBXGroup;
			children = (
				40EE9EC72A2E93F40053C75C /* RegistrationView.swift */,
				CC4CC6542A2B12170031DA9C /* ContentView.swift */,
				2D9F0F412A3C3B8B000E1A5A /* LogInView.swift */,
			);
			path = Auth;
			sourceTree = "<group>";
		};
		2D9F0F432A3C54B7000E1A5A /* Home */ = {
			isa = PBXGroup;
			children = (
				2D9F0F2F2A3474AD000E1A5A /* HomeView.swift */,
				2D9F0F442A3C54C7000E1A5A /* SettingsView.swift */,
			);
			path = Home;
			sourceTree = "<group>";
		};
		2D9F0F522A480875000E1A5A /* FAQ */ = {
			isa = PBXGroup;
			children = (
				2D9F0F462A47AECC000E1A5A /* FaqView.swift */,
				2D9F0F502A48052B000E1A5A /* FaqTopic.swift */,
				2D9F0F532A480989000E1A5A /* ImmigrationFaqView.swift */,
				2D9F0F552A480AD5000E1A5A /* DivorceFaqView.swift */,
				2D9F0F572A480DB4000E1A5A /* JobFaqView.swift */,
			);
			path = FAQ;
			sourceTree = "<group>";
		};
		2DE7BCDE2A3054A500E470A3 /* Models */ = {
			isa = PBXGroup;
			children = (
				2DE7BCDF2A3054B800E470A3 /* User.swift */,
				4090B3C52A32A7DC001443FA /* APICaller.swift */,
				2D9F0F3F2A387D66000E1A5A /* AuthViewModel.swift */,
			);
			path = Models;
			sourceTree = "<group>";
		};
		4033F4452A3D0500003927FB /* Assests */ = {
			isa = PBXGroup;
			children = (
				4033F4462A3D0505003927FB /* Fonts */,
			);
			path = Assests;
			sourceTree = "<group>";
		};
		4033F4462A3D0505003927FB /* Fonts */ = {
			isa = PBXGroup;
			children = (
				4018DB942A3D1066004A344F /* Lato-Regular.ttf */,
				4033F4472A3D055F003927FB /* CarroisGothicSC-Regular.ttf */,
			);
			path = Fonts;
			sourceTree = "<group>";
		};
		40EE9ED12A2EA1270053C75C /* Views */ = {
			isa = PBXGroup;
			children = (
				3A125B5A2A433B8500D8A4D4 /* LandingView.swift */,
				2D9F0F3E2A38730B000E1A5A /* Auth */,
				2D9F0F432A3C54B7000E1A5A /* Home */,
				2D9F0F522A480875000E1A5A /* FAQ */,
				4090B3C02A32A670001443FA /* ChatBotView.swift */,
				2D9F0F592A481940000E1A5A /* HistoryView.swift */,
				40EE9ED22A2EA13E0053C75C /* Components */,
			);
			path = Views;
			sourceTree = "<group>";
		};
		40EE9ED22A2EA13E0053C75C /* Components */ = {
			isa = PBXGroup;
			children = (
				40EE9ECF2A2EA0D30053C75C /* CustomButton.swift */,
				40EE9ECD2A2EA0A50053C75C /* BackGroundRoundedRectangle.swift */,
				40EE9EC92A2E9A190053C75C /* InputView.swift */,
				2DE7BCD82A2F1DE900E470A3 /* NavigationHelper.swift */,
				2DE7BCDA2A3018DC00E470A3 /* BackButton.swift */,
				2DE7BCDC2A3039ED00E470A3 /* Authentication.swift */,
				404884162A3D6D9C00C81B63 /* NavigationLinkView.swift */,
				3A125B582A43259400D8A4D4 /* TabBar.swift */,
				2D9F0F482A47AFF0000E1A5A /* LogoHeader.swift */,
				2D9F0F4A2A47B771000E1A5A /* Colors.swift */,
				2D9F0F4E2A47D788000E1A5A /* BackgroundShapeView.swift */,
				3A9039132A4EC9CD00561321 /* HistoryRow.swift */,
			);
			path = Components;
			sourceTree = "<group>";
		};
		CC4CC6462A2B12170031DA9C = {
			isa = PBXGroup;
			children = (
				CC4CC6512A2B12170031DA9C /* MobileApp */,
				CC4CC6502A2B12170031DA9C /* Products */,
			);
			sourceTree = "<group>";
		};
		CC4CC6502A2B12170031DA9C /* Products */ = {
			isa = PBXGroup;
			children = (
				CC4CC64F2A2B12170031DA9C /* MobileApp.app */,
			);
			name = Products;
			sourceTree = "<group>";
		};
		CC4CC6512A2B12170031DA9C /* MobileApp */ = {
			isa = PBXGroup;
			children = (
				4033F4492A3D06BF003927FB /* Info.plist */,
				4033F4452A3D0500003927FB /* Assests */,
				2D9F0F312A3865D5000E1A5A /* GoogleService-Info.plist */,
				2DE7BCDE2A3054A500E470A3 /* Models */,
				CC4CC6522A2B12170031DA9C /* MobileAppApp.swift */,
				40EE9ED12A2EA1270053C75C /* Views */,
				40EE9ECB2A2E9D930053C75C /* Playground.swift */,
				CC4CC6562A2B12180031DA9C /* Assets.xcassets */,
				CC4CC6582A2B12180031DA9C /* Preview Content */,
			);
			path = MobileApp;
			sourceTree = "<group>";
		};
		CC4CC6582A2B12180031DA9C /* Preview Content */ = {
			isa = PBXGroup;
			children = (
				CC4CC6592A2B12180031DA9C /* Preview Assets.xcassets */,
			);
			path = "Preview Content";
			sourceTree = "<group>";
		};
/* End PBXGroup section */

/* Begin PBXNativeTarget section */
		CC4CC64E2A2B12170031DA9C /* MobileApp */ = {
			isa = PBXNativeTarget;
			buildConfigurationList = CC4CC65D2A2B12180031DA9C /* Build configuration list for PBXNativeTarget "MobileApp" */;
			buildPhases = (
				CC4CC64B2A2B12170031DA9C /* Sources */,
				CC4CC64C2A2B12170031DA9C /* Frameworks */,
				CC4CC64D2A2B12170031DA9C /* Resources */,
			);
			buildRules = (
			);
			dependencies = (
			);
			name = MobileApp;
			packageProductDependencies = (
				4090B3C32A32A778001443FA /* OpenAISwift */,
				2D9F0F342A3867F4000E1A5A /* FirebaseAnalytics */,
				2D9F0F362A3867F4000E1A5A /* FirebaseAuth */,
				2D9F0F382A3867F4000E1A5A /* FirebaseFirestore */,
				2D9F0F3A2A3867F4000E1A5A /* FirebaseFirestoreSwift */,
				2D9F0F3C2A3867F4000E1A5A /* FirebaseStorage */,
			);
			productName = MobileApp;
			productReference = CC4CC64F2A2B12170031DA9C /* MobileApp.app */;
			productType = "com.apple.product-type.application";
		};
/* End PBXNativeTarget section */

/* Begin PBXProject section */
		CC4CC6472A2B12170031DA9C /* Project object */ = {
			isa = PBXProject;
			attributes = {
				BuildIndependentTargetsInParallel = 1;
				LastSwiftUpdateCheck = 1430;
				LastUpgradeCheck = 1430;
				TargetAttributes = {
					CC4CC64E2A2B12170031DA9C = {
						CreatedOnToolsVersion = 14.3;
					};
				};
			};
			buildConfigurationList = CC4CC64A2A2B12170031DA9C /* Build configuration list for PBXProject "MobileApp" */;
			compatibilityVersion = "Xcode 14.0";
			developmentRegion = en;
			hasScannedForEncodings = 0;
			knownRegions = (
				en,
				Base,
			);
			mainGroup = CC4CC6462A2B12170031DA9C;
			packageReferences = (
				4090B3C22A32A778001443FA /* XCRemoteSwiftPackageReference "OpenAISwift" */,
				2D9F0F332A3867F4000E1A5A /* XCRemoteSwiftPackageReference "firebase-ios-sdk" */,
			);
			productRefGroup = CC4CC6502A2B12170031DA9C /* Products */;
			projectDirPath = "";
			projectRoot = "";
			targets = (
				CC4CC64E2A2B12170031DA9C /* MobileApp */,
			);
		};
/* End PBXProject section */

/* Begin PBXResourcesBuildPhase section */
		CC4CC64D2A2B12170031DA9C /* Resources */ = {
			isa = PBXResourcesBuildPhase;
			buildActionMask = 2147483647;
			files = (
				CC4CC65A2A2B12180031DA9C /* Preview Assets.xcassets in Resources */,
				4033F4482A3D0560003927FB /* CarroisGothicSC-Regular.ttf in Resources */,
				CC4CC6572A2B12180031DA9C /* Assets.xcassets in Resources */,
				4018DB9E2A3D1067004A344F /* Lato-Regular.ttf in Resources */,
				2D9F0F322A3865D5000E1A5A /* GoogleService-Info.plist in Resources */,
			);
			runOnlyForDeploymentPostprocessing = 0;
		};
/* End PBXResourcesBuildPhase section */

/* Begin PBXSourcesBuildPhase section */
		CC4CC64B2A2B12170031DA9C /* Sources */ = {
			isa = PBXSourcesBuildPhase;
			buildActionMask = 2147483647;
			files = (
				40EE9EC82A2E93F40053C75C /* RegistrationView.swift in Sources */,
				2D9F0F422A3C3B8C000E1A5A /* LogInView.swift in Sources */,
				2D9F0F472A47AECC000E1A5A /* FaqView.swift in Sources */,
				2DE7BCD92A2F1DE900E470A3 /* NavigationHelper.swift in Sources */,
				2D9F0F452A3C54C7000E1A5A /* SettingsView.swift in Sources */,
				2D9F0F582A480DB4000E1A5A /* JobFaqView.swift in Sources */,
				4090B3C62A32A7DC001443FA /* APICaller.swift in Sources */,
				2D9F0F512A48052B000E1A5A /* FaqTopic.swift in Sources */,
				2D9F0F4B2A47B771000E1A5A /* Colors.swift in Sources */,
				2D9F0F302A3474AD000E1A5A /* HomeView.swift in Sources */,
				3A125B592A43259400D8A4D4 /* TabBar.swift in Sources */,
				2D9F0F542A480989000E1A5A /* ImmigrationFaqView.swift in Sources */,
				40EE9ECC2A2E9D930053C75C /* Playground.swift in Sources */,
				2DE7BCDD2A3039ED00E470A3 /* Authentication.swift in Sources */,
				CC4CC6552A2B12170031DA9C /* ContentView.swift in Sources */,
				3A9039142A4EC9CD00561321 /* HistoryRow.swift in Sources */,
				4090B3C12A32A670001443FA /* ChatBotView.swift in Sources */,
				2D9F0F5A2A481940000E1A5A /* HistoryView.swift in Sources */,
				2D9F0F562A480AD5000E1A5A /* DivorceFaqView.swift in Sources */,
				CC4CC6532A2B12170031DA9C /* MobileAppApp.swift in Sources */,
				2DE7BCDB2A3018DC00E470A3 /* BackButton.swift in Sources */,
				40EE9ED02A2EA0D30053C75C /* CustomButton.swift in Sources */,
				2D9F0F4F2A47D788000E1A5A /* BackgroundShapeView.swift in Sources */,
				404884172A3D6D9C00C81B63 /* NavigationLinkView.swift in Sources */,
				2D9F0F402A387D66000E1A5A /* AuthViewModel.swift in Sources */,
				40EE9ECE2A2EA0A50053C75C /* BackGroundRoundedRectangle.swift in Sources */,
				40EE9ECA2A2E9A190053C75C /* InputView.swift in Sources */,
				2D9F0F492A47AFF0000E1A5A /* LogoHeader.swift in Sources */,
				3A125B5B2A433B8500D8A4D4 /* LandingView.swift in Sources */,
				2DE7BCE02A3054B800E470A3 /* User.swift in Sources */,
			);
			runOnlyForDeploymentPostprocessing = 0;
		};
/* End PBXSourcesBuildPhase section */

/* Begin XCBuildConfiguration section */
		CC4CC65B2A2B12180031DA9C /* Debug */ = {
			isa = XCBuildConfiguration;
			buildSettings = {
				ALWAYS_SEARCH_USER_PATHS = NO;
				CLANG_ANALYZER_NONNULL = YES;
				CLANG_ANALYZER_NUMBER_OBJECT_CONVERSION = YES_AGGRESSIVE;
				CLANG_CXX_LANGUAGE_STANDARD = "gnu++20";
				CLANG_ENABLE_MODULES = YES;
				CLANG_ENABLE_OBJC_ARC = YES;
				CLANG_ENABLE_OBJC_WEAK = YES;
				CLANG_WARN_BLOCK_CAPTURE_AUTORELEASING = YES;
				CLANG_WARN_BOOL_CONVERSION = YES;
				CLANG_WARN_COMMA = YES;
				CLANG_WARN_CONSTANT_CONVERSION = YES;
				CLANG_WARN_DEPRECATED_OBJC_IMPLEMENTATIONS = YES;
				CLANG_WARN_DIRECT_OBJC_ISA_USAGE = YES_ERROR;
				CLANG_WARN_DOCUMENTATION_COMMENTS = YES;
				CLANG_WARN_EMPTY_BODY = YES;
				CLANG_WARN_ENUM_CONVERSION = YES;
				CLANG_WARN_INFINITE_RECURSION = YES;
				CLANG_WARN_INT_CONVERSION = YES;
				CLANG_WARN_NON_LITERAL_NULL_CONVERSION = YES;
				CLANG_WARN_OBJC_IMPLICIT_RETAIN_SELF = YES;
				CLANG_WARN_OBJC_LITERAL_CONVERSION = YES;
				CLANG_WARN_OBJC_ROOT_CLASS = YES_ERROR;
				CLANG_WARN_QUOTED_INCLUDE_IN_FRAMEWORK_HEADER = YES;
				CLANG_WARN_RANGE_LOOP_ANALYSIS = YES;
				CLANG_WARN_STRICT_PROTOTYPES = YES;
				CLANG_WARN_SUSPICIOUS_MOVE = YES;
				CLANG_WARN_UNGUARDED_AVAILABILITY = YES_AGGRESSIVE;
				CLANG_WARN_UNREACHABLE_CODE = YES;
				CLANG_WARN__DUPLICATE_METHOD_MATCH = YES;
				COPY_PHASE_STRIP = NO;
				DEBUG_INFORMATION_FORMAT = dwarf;
				ENABLE_STRICT_OBJC_MSGSEND = YES;
				ENABLE_TESTABILITY = YES;
				GCC_C_LANGUAGE_STANDARD = gnu11;
				GCC_DYNAMIC_NO_PIC = NO;
				GCC_NO_COMMON_BLOCKS = YES;
				GCC_OPTIMIZATION_LEVEL = 0;
				GCC_PREPROCESSOR_DEFINITIONS = (
					"DEBUG=1",
					"$(inherited)",
				);
				GCC_WARN_64_TO_32_BIT_CONVERSION = YES;
				GCC_WARN_ABOUT_RETURN_TYPE = YES_ERROR;
				GCC_WARN_UNDECLARED_SELECTOR = YES;
				GCC_WARN_UNINITIALIZED_AUTOS = YES_AGGRESSIVE;
				GCC_WARN_UNUSED_FUNCTION = YES;
				GCC_WARN_UNUSED_VARIABLE = YES;
				IPHONEOS_DEPLOYMENT_TARGET = 16.2;
				MTL_ENABLE_DEBUG_INFO = INCLUDE_SOURCE;
				MTL_FAST_MATH = YES;
				ONLY_ACTIVE_ARCH = YES;
				SDKROOT = iphoneos;
				SWIFT_ACTIVE_COMPILATION_CONDITIONS = DEBUG;
				SWIFT_OPTIMIZATION_LEVEL = "-Onone";
			};
			name = Debug;
		};
		CC4CC65C2A2B12180031DA9C /* Release */ = {
			isa = XCBuildConfiguration;
			buildSettings = {
				ALWAYS_SEARCH_USER_PATHS = NO;
				CLANG_ANALYZER_NONNULL = YES;
				CLANG_ANALYZER_NUMBER_OBJECT_CONVERSION = YES_AGGRESSIVE;
				CLANG_CXX_LANGUAGE_STANDARD = "gnu++20";
				CLANG_ENABLE_MODULES = YES;
				CLANG_ENABLE_OBJC_ARC = YES;
				CLANG_ENABLE_OBJC_WEAK = YES;
				CLANG_WARN_BLOCK_CAPTURE_AUTORELEASING = YES;
				CLANG_WARN_BOOL_CONVERSION = YES;
				CLANG_WARN_COMMA = YES;
				CLANG_WARN_CONSTANT_CONVERSION = YES;
				CLANG_WARN_DEPRECATED_OBJC_IMPLEMENTATIONS = YES;
				CLANG_WARN_DIRECT_OBJC_ISA_USAGE = YES_ERROR;
				CLANG_WARN_DOCUMENTATION_COMMENTS = YES;
				CLANG_WARN_EMPTY_BODY = YES;
				CLANG_WARN_ENUM_CONVERSION = YES;
				CLANG_WARN_INFINITE_RECURSION = YES;
				CLANG_WARN_INT_CONVERSION = YES;
				CLANG_WARN_NON_LITERAL_NULL_CONVERSION = YES;
				CLANG_WARN_OBJC_IMPLICIT_RETAIN_SELF = YES;
				CLANG_WARN_OBJC_LITERAL_CONVERSION = YES;
				CLANG_WARN_OBJC_ROOT_CLASS = YES_ERROR;
				CLANG_WARN_QUOTED_INCLUDE_IN_FRAMEWORK_HEADER = YES;
				CLANG_WARN_RANGE_LOOP_ANALYSIS = YES;
				CLANG_WARN_STRICT_PROTOTYPES = YES;
				CLANG_WARN_SUSPICIOUS_MOVE = YES;
				CLANG_WARN_UNGUARDED_AVAILABILITY = YES_AGGRESSIVE;
				CLANG_WARN_UNREACHABLE_CODE = YES;
				CLANG_WARN__DUPLICATE_METHOD_MATCH = YES;
				COPY_PHASE_STRIP = NO;
				DEBUG_INFORMATION_FORMAT = "dwarf-with-dsym";
				ENABLE_NS_ASSERTIONS = NO;
				ENABLE_STRICT_OBJC_MSGSEND = YES;
				GCC_C_LANGUAGE_STANDARD = gnu11;
				GCC_NO_COMMON_BLOCKS = YES;
				GCC_WARN_64_TO_32_BIT_CONVERSION = YES;
				GCC_WARN_ABOUT_RETURN_TYPE = YES_ERROR;
				GCC_WARN_UNDECLARED_SELECTOR = YES;
				GCC_WARN_UNINITIALIZED_AUTOS = YES_AGGRESSIVE;
				GCC_WARN_UNUSED_FUNCTION = YES;
				GCC_WARN_UNUSED_VARIABLE = YES;
				IPHONEOS_DEPLOYMENT_TARGET = 16.2;
				MTL_ENABLE_DEBUG_INFO = NO;
				MTL_FAST_MATH = YES;
				SDKROOT = iphoneos;
				SWIFT_COMPILATION_MODE = wholemodule;
				SWIFT_OPTIMIZATION_LEVEL = "-O";
				VALIDATE_PRODUCT = YES;
			};
			name = Release;
		};
		CC4CC65E2A2B12180031DA9C /* Debug */ = {
			isa = XCBuildConfiguration;
			buildSettings = {
				ASSETCATALOG_COMPILER_APPICON_NAME = AppIcon;
				ASSETCATALOG_COMPILER_GLOBAL_ACCENT_COLOR_NAME = AccentColor;
				CODE_SIGN_STYLE = Automatic;
				CURRENT_PROJECT_VERSION = 1;
				DEVELOPMENT_ASSET_PATHS = "\"MobileApp/Preview Content\"";
				DEVELOPMENT_TEAM = "";
				ENABLE_PREVIEWS = YES;
				GENERATE_INFOPLIST_FILE = YES;
				INFOPLIST_FILE = MobileApp/Info.plist;
				INFOPLIST_KEY_LSApplicationCategoryType = "";
				INFOPLIST_KEY_UIApplicationSceneManifest_Generation = YES;
				INFOPLIST_KEY_UIApplicationSupportsIndirectInputEvents = YES;
				INFOPLIST_KEY_UILaunchScreen_Generation = YES;
				INFOPLIST_KEY_UISupportedInterfaceOrientations_iPad = "UIInterfaceOrientationPortrait UIInterfaceOrientationPortraitUpsideDown UIInterfaceOrientationLandscapeLeft UIInterfaceOrientationLandscapeRight";
				INFOPLIST_KEY_UISupportedInterfaceOrientations_iPhone = "UIInterfaceOrientationPortrait UIInterfaceOrientationLandscapeLeft UIInterfaceOrientationLandscapeRight";
				IPHONEOS_DEPLOYMENT_TARGET = 16.2;
				LD_RUNPATH_SEARCH_PATHS = (
					"$(inherited)",
					"@executable_path/Frameworks",
				);
				MARKETING_VERSION = 1.0;
				PRODUCT_BUNDLE_IDENTIFIER = Ai.vocate.MobileApp;
				PRODUCT_NAME = "$(TARGET_NAME)";
				SWIFT_EMIT_LOC_STRINGS = YES;
				SWIFT_VERSION = 5.0;
				TARGETED_DEVICE_FAMILY = "1,2";
			};
			name = Debug;
		};
		CC4CC65F2A2B12180031DA9C /* Release */ = {
			isa = XCBuildConfiguration;
			buildSettings = {
				ASSETCATALOG_COMPILER_APPICON_NAME = AppIcon;
				ASSETCATALOG_COMPILER_GLOBAL_ACCENT_COLOR_NAME = AccentColor;
				CODE_SIGN_STYLE = Automatic;
				CURRENT_PROJECT_VERSION = 1;
				DEVELOPMENT_ASSET_PATHS = "\"MobileApp/Preview Content\"";
				DEVELOPMENT_TEAM = "";
				ENABLE_PREVIEWS = YES;
				GENERATE_INFOPLIST_FILE = YES;
				INFOPLIST_FILE = MobileApp/Info.plist;
				INFOPLIST_KEY_LSApplicationCategoryType = "";
				INFOPLIST_KEY_UIApplicationSceneManifest_Generation = YES;
				INFOPLIST_KEY_UIApplicationSupportsIndirectInputEvents = YES;
				INFOPLIST_KEY_UILaunchScreen_Generation = YES;
				INFOPLIST_KEY_UISupportedInterfaceOrientations_iPad = "UIInterfaceOrientationPortrait UIInterfaceOrientationPortraitUpsideDown UIInterfaceOrientationLandscapeLeft UIInterfaceOrientationLandscapeRight";
				INFOPLIST_KEY_UISupportedInterfaceOrientations_iPhone = "UIInterfaceOrientationPortrait UIInterfaceOrientationLandscapeLeft UIInterfaceOrientationLandscapeRight";
				IPHONEOS_DEPLOYMENT_TARGET = 16.2;
				LD_RUNPATH_SEARCH_PATHS = (
					"$(inherited)",
					"@executable_path/Frameworks",
				);
				MARKETING_VERSION = 1.0;
				PRODUCT_BUNDLE_IDENTIFIER = Ai.vocate.MobileApp;
				PRODUCT_NAME = "$(TARGET_NAME)";
				SWIFT_EMIT_LOC_STRINGS = YES;
				SWIFT_VERSION = 5.0;
				TARGETED_DEVICE_FAMILY = "1,2";
			};
			name = Release;
		};
/* End XCBuildConfiguration section */

/* Begin XCConfigurationList section */
		CC4CC64A2A2B12170031DA9C /* Build configuration list for PBXProject "MobileApp" */ = {
			isa = XCConfigurationList;
			buildConfigurations = (
				CC4CC65B2A2B12180031DA9C /* Debug */,
				CC4CC65C2A2B12180031DA9C /* Release */,
			);
			defaultConfigurationIsVisible = 0;
			defaultConfigurationName = Release;
		};
		CC4CC65D2A2B12180031DA9C /* Build configuration list for PBXNativeTarget "MobileApp" */ = {
			isa = XCConfigurationList;
			buildConfigurations = (
				CC4CC65E2A2B12180031DA9C /* Debug */,
				CC4CC65F2A2B12180031DA9C /* Release */,
			);
			defaultConfigurationIsVisible = 0;
			defaultConfigurationName = Release;
		};
/* End XCConfigurationList section */

/* Begin XCRemoteSwiftPackageReference section */
		2D9F0F332A3867F4000E1A5A /* XCRemoteSwiftPackageReference "firebase-ios-sdk" */ = {
			isa = XCRemoteSwiftPackageReference;
			repositoryURL = "https://github.com/firebase/firebase-ios-sdk";
			requirement = {
				kind = upToNextMajorVersion;
				minimumVersion = 9.0.0;
			};
		};
		4090B3C22A32A778001443FA /* XCRemoteSwiftPackageReference "OpenAISwift" */ = {
			isa = XCRemoteSwiftPackageReference;
			repositoryURL = "https://github.com/adamrushy/OpenAISwift.git";
			requirement = {
				kind = upToNextMajorVersion;
				minimumVersion = 1.0.0;
			};
		};
/* End XCRemoteSwiftPackageReference section */

/* Begin XCSwiftPackageProductDependency section */
		2D9F0F342A3867F4000E1A5A /* FirebaseAnalytics */ = {
			isa = XCSwiftPackageProductDependency;
			package = 2D9F0F332A3867F4000E1A5A /* XCRemoteSwiftPackageReference "firebase-ios-sdk" */;
			productName = FirebaseAnalytics;
		};
		2D9F0F362A3867F4000E1A5A /* FirebaseAuth */ = {
			isa = XCSwiftPackageProductDependency;
			package = 2D9F0F332A3867F4000E1A5A /* XCRemoteSwiftPackageReference "firebase-ios-sdk" */;
			productName = FirebaseAuth;
		};
		2D9F0F382A3867F4000E1A5A /* FirebaseFirestore */ = {
			isa = XCSwiftPackageProductDependency;
			package = 2D9F0F332A3867F4000E1A5A /* XCRemoteSwiftPackageReference "firebase-ios-sdk" */;
			productName = FirebaseFirestore;
		};
		2D9F0F3A2A3867F4000E1A5A /* FirebaseFirestoreSwift */ = {
			isa = XCSwiftPackageProductDependency;
			package = 2D9F0F332A3867F4000E1A5A /* XCRemoteSwiftPackageReference "firebase-ios-sdk" */;
			productName = FirebaseFirestoreSwift;
		};
		2D9F0F3C2A3867F4000E1A5A /* FirebaseStorage */ = {
			isa = XCSwiftPackageProductDependency;
			package = 2D9F0F332A3867F4000E1A5A /* XCRemoteSwiftPackageReference "firebase-ios-sdk" */;
			productName = FirebaseStorage;
		};
		4090B3C32A32A778001443FA /* OpenAISwift */ = {
			isa = XCSwiftPackageProductDependency;
			package = 4090B3C22A32A778001443FA /* XCRemoteSwiftPackageReference "OpenAISwift" */;
			productName = OpenAISwift;
		};
/* End XCSwiftPackageProductDependency section */
	};
	rootObject = CC4CC6472A2B12170031DA9C /* Project object */;
}
